
Microsoft Visual Studio Solution File, Format Version 12.00
# Visual Studio Version 17
VisualStudioVersion = 17.9.34701.34
MinimumVisualStudioVersion = 10.0.40219.1
Project("{FAE04EC0-301F-11D3-BF4B-00C04F79EFBC}") = "ST10390916_PROG7311_POE", "ST10390916_PROG7311_POE.csproj", "{CF8785CC-6B44-4509-AD84-9DE27F0626C4}"
EndProject
Global
	GlobalSection(SolutionConfigurationPlatforms) = preSolution
		Debug|Any CPU = Debug|Any CPU
		Release|Any CPU = Release|Any CPU
	EndGlobalSection
	GlobalSection(ProjectConfigurationPlatforms) = postSolution
		{CF8785CC-6B44-4509-AD84-9DE27F0626C4}.Debug|Any CPU.ActiveCfg = Debug|Any CPU
		{CF8785CC-6B44-4509-AD84-9DE27F0626C4}.Debug|Any CPU.Build.0 = Debug|Any CPU
		{CF8785CC-6B44-4509-AD84-9DE27F0626C4}.Release|Any CPU.ActiveCfg = Release|Any CPU
		{CF8785CC-6B44-4509-AD84-9DE27F0626C4}.Release|Any CPU.Build.0 = Release|Any CPU
	EndGlobalSection
	GlobalSection(SolutionProperties) = preSolution
		HideSolutionNode = FALSE
	EndGlobalSection
	GlobalSection(ExtensibilityGlobals) = postSolution
		SolutionGuid = {6EA57975-505B-4E5C-8D09-9B667742AEDF}
	EndGlobalSection
EndGlobal
